// !$*UTF8*$!
{
	archiveVersion = 1;
	classes = {
	};
	objectVersion = 50;
	objects = {

/* Begin PBXBuildFile section */
		C6A9219B21DAEAE500180FDC /* SettingsProfileCellTableViewCell.swift in Sources */ = {isa = PBXBuildFile; fileRef = C6A9219A21DAEAE500180FDC /* SettingsProfileCellTableViewCell.swift */; };
		C6A921C723AE650400180FDC /* ChatPageViewController.swift in Sources */ = {isa = PBXBuildFile; fileRef = C6A921C623AE650400180FDC /* ChatPageViewController.swift */; };
		C6B3260923AE9662006A1CFC /* StatusableViewController.swift in Sources */ = {isa = PBXBuildFile; fileRef = C6B3260823AE9662006A1CFC /* StatusableViewController.swift */; };
		C6CF816C23AB94A5008793C1 /* SettingsTableViewController.swift in Sources */ = {isa = PBXBuildFile; fileRef = C6CF816B23AB94A5008793C1 /* SettingsTableViewController.swift */; };
		C6CF816E23AB99D6008793C1 /* SettingTableViewCell.swift in Sources */ = {isa = PBXBuildFile; fileRef = C6CF816D23AB99D6008793C1 /* SettingTableViewCell.swift */; };
		FAFA74B523A75FD100A301B3 /* AppDelegate.swift in Sources */ = {isa = PBXBuildFile; fileRef = FAFA74B423A75FD100A301B3 /* AppDelegate.swift */; };
		FAFA74B723A75FD100A301B3 /* SceneDelegate.swift in Sources */ = {isa = PBXBuildFile; fileRef = FAFA74B623A75FD100A301B3 /* SceneDelegate.swift */; };
		FAFA74B923A75FD100A301B3 /* ViewController.swift in Sources */ = {isa = PBXBuildFile; fileRef = FAFA74B823A75FD100A301B3 /* ViewController.swift */; };
		FAFA74BC23A75FD100A301B3 /* Main.storyboard in Resources */ = {isa = PBXBuildFile; fileRef = FAFA74BA23A75FD100A301B3 /* Main.storyboard */; };
		FAFA74BF23A75FD100A301B3 /* Whatsapp_IOS.xcdatamodeld in Sources */ = {isa = PBXBuildFile; fileRef = FAFA74BD23A75FD100A301B3 /* Whatsapp_IOS.xcdatamodeld */; };
		FAFA74C123A75FD600A301B3 /* Assets.xcassets in Resources */ = {isa = PBXBuildFile; fileRef = FAFA74C023A75FD600A301B3 /* Assets.xcassets */; };
		FAFA74C423A75FD600A301B3 /* LaunchScreen.storyboard in Resources */ = {isa = PBXBuildFile; fileRef = FAFA74C223A75FD600A301B3 /* LaunchScreen.storyboard */; };
		FAFA74CE23A794BB00A301B3 /* ChatsViewControllerTableViewCell.swift in Sources */ = {isa = PBXBuildFile; fileRef = FAFA74CD23A794BB00A301B3 /* ChatsViewControllerTableViewCell.swift */; };
		FAFA74D223A79DC800A301B3 /* ChatsViewController.swift in Sources */ = {isa = PBXBuildFile; fileRef = FAFA74D123A79DC800A301B3 /* ChatsViewController.swift */; };
		FAFA74D823A80AAC00A301B3 /* CallsTableViewController.swift in Sources */ = {isa = PBXBuildFile; fileRef = FAFA74D723A80AAC00A301B3 /* CallsTableViewController.swift */; };
		FAFA74DA23A8119E00A301B3 /* CallsTableViewCell.swift in Sources */ = {isa = PBXBuildFile; fileRef = FAFA74D923A8119E00A301B3 /* CallsTableViewCell.swift */; };
/* End PBXBuildFile section */

/* Begin PBXFileReference section */
		C6A9219A21DAEAE500180FDC /* SettingsProfileCellTableViewCell.swift */ = {isa = PBXFileReference; lastKnownFileType = sourcecode.swift; path = SettingsProfileCellTableViewCell.swift; sourceTree = "<group>"; };
		C6A921C623AE650400180FDC /* ChatPageViewController.swift */ = {isa = PBXFileReference; lastKnownFileType = sourcecode.swift; path = ChatPageViewController.swift; sourceTree = "<group>"; };
		C6B3260823AE9662006A1CFC /* StatusableViewController.swift */ = {isa = PBXFileReference; lastKnownFileType = sourcecode.swift; path = StatusableViewController.swift; sourceTree = "<group>"; };
		C6CF816B23AB94A5008793C1 /* SettingsTableViewController.swift */ = {isa = PBXFileReference; lastKnownFileType = sourcecode.swift; path = SettingsTableViewController.swift; sourceTree = "<group>"; };
		C6CF816D23AB99D6008793C1 /* SettingTableViewCell.swift */ = {isa = PBXFileReference; lastKnownFileType = sourcecode.swift; path = SettingTableViewCell.swift; sourceTree = "<group>"; };
		FAFA74B123A75FD100A301B3 /* WhatsApp.app */ = {isa = PBXFileReference; explicitFileType = wrapper.application; includeInIndex = 0; path = WhatsApp.app; sourceTree = BUILT_PRODUCTS_DIR; };
		FAFA74B423A75FD100A301B3 /* AppDelegate.swift */ = {isa = PBXFileReference; lastKnownFileType = sourcecode.swift; path = AppDelegate.swift; sourceTree = "<group>"; };
		FAFA74B623A75FD100A301B3 /* SceneDelegate.swift */ = {isa = PBXFileReference; lastKnownFileType = sourcecode.swift; path = SceneDelegate.swift; sourceTree = "<group>"; };
		FAFA74B823A75FD100A301B3 /* ViewController.swift */ = {isa = PBXFileReference; lastKnownFileType = sourcecode.swift; path = ViewController.swift; sourceTree = "<group>"; };
		FAFA74BB23A75FD100A301B3 /* Base */ = {isa = PBXFileReference; lastKnownFileType = file.storyboard; name = Base; path = Base.lproj/Main.storyboard; sourceTree = "<group>"; };
		FAFA74BE23A75FD100A301B3 /* Whatsapp_IOS.xcdatamodel */ = {isa = PBXFileReference; lastKnownFileType = wrapper.xcdatamodel; path = Whatsapp_IOS.xcdatamodel; sourceTree = "<group>"; };
		FAFA74C023A75FD600A301B3 /* Assets.xcassets */ = {isa = PBXFileReference; lastKnownFileType = folder.assetcatalog; path = Assets.xcassets; sourceTree = "<group>"; };
		FAFA74C323A75FD600A301B3 /* Base */ = {isa = PBXFileReference; lastKnownFileType = file.storyboard; name = Base; path = Base.lproj/LaunchScreen.storyboard; sourceTree = "<group>"; };
		FAFA74C523A75FD600A301B3 /* Info.plist */ = {isa = PBXFileReference; lastKnownFileType = text.plist.xml; path = Info.plist; sourceTree = "<group>"; };
		FAFA74CD23A794BB00A301B3 /* ChatsViewControllerTableViewCell.swift */ = {isa = PBXFileReference; lastKnownFileType = sourcecode.swift; path = ChatsViewControllerTableViewCell.swift; sourceTree = "<group>"; };
		FAFA74D123A79DC800A301B3 /* ChatsViewController.swift */ = {isa = PBXFileReference; lastKnownFileType = sourcecode.swift; path = ChatsViewController.swift; sourceTree = "<group>"; };
		FAFA74D723A80AAC00A301B3 /* CallsTableViewController.swift */ = {isa = PBXFileReference; lastKnownFileType = sourcecode.swift; path = CallsTableViewController.swift; sourceTree = "<group>"; };
		FAFA74D923A8119E00A301B3 /* CallsTableViewCell.swift */ = {isa = PBXFileReference; lastKnownFileType = sourcecode.swift; path = CallsTableViewCell.swift; sourceTree = "<group>"; };
/* End PBXFileReference section */

/* Begin PBXFrameworksBuildPhase section */
		FAFA74AE23A75FD100A301B3 /* Frameworks */ = {
			isa = PBXFrameworksBuildPhase;
			buildActionMask = 2147483647;
			files = (
			);
			runOnlyForDeploymentPostprocessing = 0;
		};
/* End PBXFrameworksBuildPhase section */

/* Begin PBXGroup section */
		FAFA74A823A75FD100A301B3 = {
			isa = PBXGroup;
			children = (
				FAFA74B323A75FD100A301B3 /* Whatsapp-IOS */,
				FAFA74B223A75FD100A301B3 /* Products */,
			);
			sourceTree = "<group>";
		};
		FAFA74B223A75FD100A301B3 /* Products */ = {
			isa = PBXGroup;
			children = (
				FAFA74B123A75FD100A301B3 /* WhatsApp.app */,
			);
			name = Products;
			sourceTree = "<group>";
		};
		FAFA74B323A75FD100A301B3 /* Whatsapp-IOS */ = {
			isa = PBXGroup;
			children = (
				FAFA74B423A75FD100A301B3 /* AppDelegate.swift */,
				FAFA74B623A75FD100A301B3 /* SceneDelegate.swift */,
				FAFA74B823A75FD100A301B3 /* ViewController.swift */,
				FAFA74BA23A75FD100A301B3 /* Main.storyboard */,
				C6B3260823AE9662006A1CFC /* StatusableViewController.swift */,
				C6A921C623AE650400180FDC /* ChatPageViewController.swift */,
				C6CF816B23AB94A5008793C1 /* SettingsTableViewController.swift */,
				C6CF816D23AB99D6008793C1 /* SettingTableViewCell.swift */,
				FAFA74D723A80AAC00A301B3 /* CallsTableViewController.swift */,
				FAFA74D923A8119E00A301B3 /* CallsTableViewCell.swift */,
				C6A9219A21DAEAE500180FDC /* SettingsProfileCellTableViewCell.swift */,
				FAFA74CD23A794BB00A301B3 /* ChatsViewControllerTableViewCell.swift */,
				FAFA74D123A79DC800A301B3 /* ChatsViewController.swift */,
				FAFA74C023A75FD600A301B3 /* Assets.xcassets */,
				FAFA74C223A75FD600A301B3 /* LaunchScreen.storyboard */,
				FAFA74C523A75FD600A301B3 /* Info.plist */,
				FAFA74BD23A75FD100A301B3 /* Whatsapp_IOS.xcdatamodeld */,
			);
			path = "Whatsapp-IOS";
			sourceTree = "<group>";
		};
/* End PBXGroup section */

/* Begin PBXNativeTarget section */
		FAFA74B023A75FD100A301B3 /* Whatsapp-IOS */ = {
			isa = PBXNativeTarget;
			buildConfigurationList = FAFA74C823A75FD600A301B3 /* Build configuration list for PBXNativeTarget "Whatsapp-IOS" */;
			buildPhases = (
				FAFA74AD23A75FD100A301B3 /* Sources */,
				FAFA74AE23A75FD100A301B3 /* Frameworks */,
				FAFA74AF23A75FD100A301B3 /* Resources */,
			);
			buildRules = (
			);
			dependencies = (
			);
			name = "Whatsapp-IOS";
			productName = "Whatsapp-IOS";
			productReference = FAFA74B123A75FD100A301B3 /* WhatsApp.app */;
			productType = "com.apple.product-type.application";
		};
/* End PBXNativeTarget section */

/* Begin PBXProject section */
		FAFA74A923A75FD100A301B3 /* Project object */ = {
			isa = PBXProject;
			attributes = {
				LastSwiftUpdateCheck = 1130;
				LastUpgradeCheck = 1130;
				ORGANIZATIONNAME = cybermonkeys;
				TargetAttributes = {
					FAFA74B023A75FD100A301B3 = {
						CreatedOnToolsVersion = 11.3;
					};
				};
			};
			buildConfigurationList = FAFA74AC23A75FD100A301B3 /* Build configuration list for PBXProject "Whatsapp-IOS" */;
			compatibilityVersion = "Xcode 9.3";
			developmentRegion = en;
			hasScannedForEncodings = 0;
			knownRegions = (
				en,
				Base,
			);
			mainGroup = FAFA74A823A75FD100A301B3;
			productRefGroup = FAFA74B223A75FD100A301B3 /* Products */;
			projectDirPath = "";
			projectRoot = "";
			targets = (
				FAFA74B023A75FD100A301B3 /* Whatsapp-IOS */,
			);
		};
/* End PBXProject section */

/* Begin PBXResourcesBuildPhase section */
		FAFA74AF23A75FD100A301B3 /* Resources */ = {
			isa = PBXResourcesBuildPhase;
			buildActionMask = 2147483647;
			files = (
				FAFA74C423A75FD600A301B3 /* LaunchScreen.storyboard in Resources */,
				FAFA74C123A75FD600A301B3 /* Assets.xcassets in Resources */,
				FAFA74BC23A75FD100A301B3 /* Main.storyboard in Resources */,
			);
			runOnlyForDeploymentPostprocessing = 0;
		};
/* End PBXResourcesBuildPhase section */

/* Begin PBXSourcesBuildPhase section */
		FAFA74AD23A75FD100A301B3 /* Sources */ = {
			isa = PBXSourcesBuildPhase;
			buildActionMask = 2147483647;
			files = (
				FAFA74B923A75FD100A301B3 /* ViewController.swift in Sources */,
				C6B3260923AE9662006A1CFC /* StatusableViewController.swift in Sources */,
				FAFA74B523A75FD100A301B3 /* AppDelegate.swift in Sources */,
				FAFA74CE23A794BB00A301B3 /* ChatsViewControllerTableViewCell.swift in Sources */,
				FAFA74D823A80AAC00A301B3 /* CallsTableViewController.swift in Sources */,
				FAFA74B723A75FD100A301B3 /* SceneDelegate.swift in Sources */,
				FAFA74DA23A8119E00A301B3 /* CallsTableViewCell.swift in Sources */,
				C6A9219B21DAEAE500180FDC /* SettingsProfileCellTableViewCell.swift in Sources */,
				C6A921C723AE650400180FDC /* ChatPageViewController.swift in Sources */,
				C6CF816E23AB99D6008793C1 /* SettingTableViewCell.swift in Sources */,
				FAFA74D223A79DC800A301B3 /* ChatsViewController.swift in Sources */,
				FAFA74BF23A75FD100A301B3 /* Whatsapp_IOS.xcdatamodeld in Sources */,
				C6CF816C23AB94A5008793C1 /* SettingsTableViewController.swift in Sources */,
			);
			runOnlyForDeploymentPostprocessing = 0;
		};
/* End PBXSourcesBuildPhase section */

/* Begin PBXVariantGroup section */
		FAFA74BA23A75FD100A301B3 /* Main.storyboard */ = {
			isa = PBXVariantGroup;
			children = (
				FAFA74BB23A75FD100A301B3 /* Base */,
			);
			name = Main.storyboard;
			sourceTree = "<group>";
		};
		FAFA74C223A75FD600A301B3 /* LaunchScreen.storyboard */ = {
			isa = PBXVariantGroup;
			children = (
				FAFA74C323A75FD600A301B3 /* Base */,
			);
			name = LaunchScreen.storyboard;
			sourceTree = "<group>";
		};
/* End PBXVariantGroup section */

/* Begin XCBuildConfiguration section */
		FAFA74C623A75FD600A301B3 /* Debug */ = {
			isa = XCBuildConfiguration;
			buildSettings = {
				ALWAYS_SEARCH_USER_PATHS = NO;
				CLANG_ANALYZER_NONNULL = YES;
				CLANG_ANALYZER_NUMBER_OBJECT_CONVERSION = YES_AGGRESSIVE;
				CLANG_CXX_LANGUAGE_STANDARD = "gnu++14";
				CLANG_CXX_LIBRARY = "libc++";
				CLANG_ENABLE_MODULES = YES;
				CLANG_ENABLE_OBJC_ARC = YES;
				CLANG_ENABLE_OBJC_WEAK = YES;
				CLANG_WARN_BLOCK_CAPTURE_AUTORELEASING = YES;
				CLANG_WARN_BOOL_CONVERSION = YES;
				CLANG_WARN_COMMA = YES;
				CLANG_WARN_CONSTANT_CONVERSION = YES;
				CLANG_WARN_DEPRECATED_OBJC_IMPLEMENTATIONS = YES;
				CLANG_WARN_DIRECT_OBJC_ISA_USAGE = YES_ERROR;
				CLANG_WARN_DOCUMENTATION_COMMENTS = YES;
				CLANG_WARN_EMPTY_BODY = YES;
				CLANG_WARN_ENUM_CONVERSION = YES;
				CLANG_WARN_INFINITE_RECURSION = YES;
				CLANG_WARN_INT_CONVERSION = YES;
				CLANG_WARN_NON_LITERAL_NULL_CONVERSION = YES;
				CLANG_WARN_OBJC_IMPLICIT_RETAIN_SELF = YES;
				CLANG_WARN_OBJC_LITERAL_CONVERSION = YES;
				CLANG_WARN_OBJC_ROOT_CLASS = YES_ERROR;
				CLANG_WARN_RANGE_LOOP_ANALYSIS = YES;
				CLANG_WARN_STRICT_PROTOTYPES = YES;
				CLANG_WARN_SUSPICIOUS_MOVE = YES;
				CLANG_WARN_UNGUARDED_AVAILABILITY = YES_AGGRESSIVE;
				CLANG_WARN_UNREACHABLE_CODE = YES;
				CLANG_WARN__DUPLICATE_METHOD_MATCH = YES;
				COPY_PHASE_STRIP = NO;
				DEBUG_INFORMATION_FORMAT = dwarf;
				ENABLE_STRICT_OBJC_MSGSEND = YES;
				ENABLE_TESTABILITY = YES;
				GCC_C_LANGUAGE_STANDARD = gnu11;
				GCC_DYNAMIC_NO_PIC = NO;
				GCC_NO_COMMON_BLOCKS = YES;
				GCC_OPTIMIZATION_LEVEL = 0;
				GCC_PREPROCESSOR_DEFINITIONS = (
					"DEBUG=1",
					"$(inherited)",
				);
				GCC_WARN_64_TO_32_BIT_CONVERSION = YES;
				GCC_WARN_ABOUT_RETURN_TYPE = YES_ERROR;
				GCC_WARN_UNDECLARED_SELECTOR = YES;
				GCC_WARN_UNINITIALIZED_AUTOS = YES_AGGRESSIVE;
				GCC_WARN_UNUSED_FUNCTION = YES;
				GCC_WARN_UNUSED_VARIABLE = YES;
				IPHONEOS_DEPLOYMENT_TARGET = 13.2;
				MTL_ENABLE_DEBUG_INFO = INCLUDE_SOURCE;
				MTL_FAST_MATH = YES;
				ONLY_ACTIVE_ARCH = YES;
				SDKROOT = iphoneos;
				SWIFT_ACTIVE_COMPILATION_CONDITIONS = DEBUG;
				SWIFT_OPTIMIZATION_LEVEL = "-Onone";
			};
			name = Debug;
		};
		FAFA74C723A75FD600A301B3 /* Release */ = {
			isa = XCBuildConfiguration;
			buildSettings = {
				ALWAYS_SEARCH_USER_PATHS = NO;
				CLANG_ANALYZER_NONNULL = YES;
				CLANG_ANALYZER_NUMBER_OBJECT_CONVERSION = YES_AGGRESSIVE;
				CLANG_CXX_LANGUAGE_STANDARD = "gnu++14";
				CLANG_CXX_LIBRARY = "libc++";
				CLANG_ENABLE_MODULES = YES;
				CLANG_ENABLE_OBJC_ARC = YES;
				CLANG_ENABLE_OBJC_WEAK = YES;
				CLANG_WARN_BLOCK_CAPTURE_AUTORELEASING = YES;
				CLANG_WARN_BOOL_CONVERSION = YES;
				CLANG_WARN_COMMA = YES;
				CLANG_WARN_CONSTANT_CONVERSION = YES;
				CLANG_WARN_DEPRECATED_OBJC_IMPLEMENTATIONS = YES;
				CLANG_WARN_DIRECT_OBJC_ISA_USAGE = YES_ERROR;
				CLANG_WARN_DOCUMENTATION_COMMENTS = YES;
				CLANG_WARN_EMPTY_BODY = YES;
				CLANG_WARN_ENUM_CONVERSION = YES;
				CLANG_WARN_INFINITE_RECURSION = YES;
				CLANG_WARN_INT_CONVERSION = YES;
				CLANG_WARN_NON_LITERAL_NULL_CONVERSION = YES;
				CLANG_WARN_OBJC_IMPLICIT_RETAIN_SELF = YES;
				CLANG_WARN_OBJC_LITERAL_CONVERSION = YES;
				CLANG_WARN_OBJC_ROOT_CLASS = YES_ERROR;
				CLANG_WARN_RANGE_LOOP_ANALYSIS = YES;
				CLANG_WARN_STRICT_PROTOTYPES = YES;
				CLANG_WARN_SUSPICIOUS_MOVE = YES;
				CLANG_WARN_UNGUARDED_AVAILABILITY = YES_AGGRESSIVE;
				CLANG_WARN_UNREACHABLE_CODE = YES;
				CLANG_WARN__DUPLICATE_METHOD_MATCH = YES;
				COPY_PHASE_STRIP = NO;
				DEBUG_INFORMATION_FORMAT = "dwarf-with-dsym";
				ENABLE_NS_ASSERTIONS = NO;
				ENABLE_STRICT_OBJC_MSGSEND = YES;
				GCC_C_LANGUAGE_STANDARD = gnu11;
				GCC_NO_COMMON_BLOCKS = YES;
				GCC_WARN_64_TO_32_BIT_CONVERSION = YES;
				GCC_WARN_ABOUT_RETURN_TYPE = YES_ERROR;
				GCC_WARN_UNDECLARED_SELECTOR = YES;
				GCC_WARN_UNINITIALIZED_AUTOS = YES_AGGRESSIVE;
				GCC_WARN_UNUSED_FUNCTION = YES;
				GCC_WARN_UNUSED_VARIABLE = YES;
				IPHONEOS_DEPLOYMENT_TARGET = 13.2;
				MTL_ENABLE_DEBUG_INFO = NO;
				MTL_FAST_MATH = YES;
				SDKROOT = iphoneos;
				SWIFT_COMPILATION_MODE = wholemodule;
				SWIFT_OPTIMIZATION_LEVEL = "-O";
				VALIDATE_PRODUCT = YES;
			};
			name = Release;
		};
		FAFA74C923A75FD600A301B3 /* Debug */ = {
			isa = XCBuildConfiguration;
			buildSettings = {
				ASSETCATALOG_COMPILER_APPICON_NAME = AppIcon;
				CODE_SIGN_STYLE = Automatic;
				INFOPLIST_FILE = "Whatsapp-IOS/Info.plist";
				LD_RUNPATH_SEARCH_PATHS = (
					"$(inherited)",
					"@executable_path/Frameworks",
				);
				PRODUCT_BUNDLE_IDENTIFIER = "com.cybermonkeys.Whatsapp-IOS";
				PRODUCT_NAME = WhatsApp;
				SWIFT_VERSION = 5.0;
				TARGETED_DEVICE_FAMILY = "1,2";
			};
			name = Debug;
		};
		FAFA74CA23A75FD600A301B3 /* Release */ = {
			isa = XCBuildConfiguration;
			buildSettings = {
				ASSETCATALOG_COMPILER_APPICON_NAME = AppIcon;
				CODE_SIGN_STYLE = Automatic;
				INFOPLIST_FILE = "Whatsapp-IOS/Info.plist";
				LD_RUNPATH_SEARCH_PATHS = (
					"$(inherited)",
					"@executable_path/Frameworks",
				);
				PRODUCT_BUNDLE_IDENTIFIER = "com.cybermonkeys.Whatsapp-IOS";
				PRODUCT_NAME = WhatsApp;
				SWIFT_VERSION = 5.0;
				TARGETED_DEVICE_FAMILY = "1,2";
			};
			name = Release;
		};
/* End XCBuildConfiguration section */

/* Begin XCConfigurationList section */
		FAFA74AC23A75FD100A301B3 /* Build configuration list for PBXProject "Whatsapp-IOS" */ = {
			isa = XCConfigurationList;
			buildConfigurations = (
				FAFA74C623A75FD600A301B3 /* Debug */,
				FAFA74C723A75FD600A301B3 /* Release */,
			);
			defaultConfigurationIsVisible = 0;
			defaultConfigurationName = Release;
		};
		FAFA74C823A75FD600A301B3 /* Build configuration list for PBXNativeTarget "Whatsapp-IOS" */ = {
			isa = XCConfigurationList;
			buildConfigurations = (
				FAFA74C923A75FD600A301B3 /* Debug */,
				FAFA74CA23A75FD600A301B3 /* Release */,
			);
			defaultConfigurationIsVisible = 0;
			defaultConfigurationName = Release;
		};
/* End XCConfigurationList section */

/* Begin XCVersionGroup section */
		FAFA74BD23A75FD100A301B3 /* Whatsapp_IOS.xcdatamodeld */ = {
			isa = XCVersionGroup;
			children = (
				FAFA74BE23A75FD100A301B3 /* Whatsapp_IOS.xcdatamodel */,
			);
			currentVersion = FAFA74BE23A75FD100A301B3 /* Whatsapp_IOS.xcdatamodel */;
			path = Whatsapp_IOS.xcdatamodeld;
			sourceTree = "<group>";
			versionGroupType = wrapper.xcdatamodel;
		};
/* End XCVersionGroup section */
	};
	rootObject = FAFA74A923A75FD100A301B3 /* Project object */;
}
